
Microsoft Visual Studio Solution File, Format Version 12.00
# Visual Studio Version 17
VisualStudioVersion = 17.7.34221.43
MinimumVisualStudioVersion = 10.0.40219.1
Project("{8BC9CEB8-8B4A-11D0-8D11-00A0C91BC942}") = "OpenGLTraining", "OpenGLTraining\OpenGLTraining.vcxproj", "{7C3C5871-DA05-4155-BB74-909394E1ADC9}"
EndProject
Project("{8BC9CEB8-8B4A-11D0-8D11-00A0C91BC942}") = "hiveGLFWWindow", "hiveGLFWWindow\hiveGLFWWindow.vcxproj", "{61FB710C-2E0A-4F21-BD85-9E7CF8A16F12}"
EndProject
Project("{8BC9CEB8-8B4A-11D0-8D11-00A0C91BC942}") = "stb", "stb\stb.vcxproj", "{DB30B1E6-4056-4B00-B679-A615362884FF}"
EndProject
Project("{8BC9CEB8-8B4A-11D0-8D11-00A0C91BC942}") = "tinygltf", "tinygltf\tinygltf.vcxproj", "{85292B36-F86A-41F7-803B-A413690B8AB0}"
EndProject
Project("{8BC9CEB8-8B4A-11D0-8D11-00A0C91BC942}") = "happly", "happly\happly.vcxproj", "{DEC1E000-BFDA-4431-A90B-886942B57F0C}"
EndProject
Global
	GlobalSection(SolutionConfigurationPlatforms) = preSolution
		Debug|x64 = Debug|x64
		Debug|x86 = Debug|x86
		Release|x64 = Release|x64
		Release|x86 = Release|x86
	EndGlobalSection
	GlobalSection(ProjectConfigurationPlatforms) = postSolution
		{7C3C5871-DA05-4155-BB74-909394E1ADC9}.Debug|x64.ActiveCfg = Debug|x64
		{7C3C5871-DA05-4155-BB74-909394E1ADC9}.Debug|x64.Build.0 = Debug|x64
		{7C3C5871-DA05-4155-BB74-909394E1ADC9}.Debug|x86.ActiveCfg = Debug|Win32
		{7C3C5871-DA05-4155-BB74-909394E1ADC9}.Debug|x86.Build.0 = Debug|Win32
		{7C3C5871-DA05-4155-BB74-909394E1ADC9}.Release|x64.ActiveCfg = Release|x64
		{7C3C5871-DA05-4155-BB74-909394E1ADC9}.Release|x64.Build.0 = Release|x64
		{7C3C5871-DA05-4155-BB74-909394E1ADC9}.Release|x86.ActiveCfg = Release|Win32
		{7C3C5871-DA05-4155-BB74-909394E1ADC9}.Release|x86.Build.0 = Release|Win32
		{61FB710C-2E0A-4F21-BD85-9E7CF8A16F12}.Debug|x64.ActiveCfg = Debug|x64
		{61FB710C-2E0A-4F21-BD85-9E7CF8A16F12}.Debug|x64.Build.0 = Debug|x64
		{61FB710C-2E0A-4F21-BD85-9E7CF8A16F12}.Debug|x86.ActiveCfg = Debug|Win32
		{61FB710C-2E0A-4F21-BD85-9E7CF8A16F12}.Debug|x86.Build.0 = Debug|Win32
		{61FB710C-2E0A-4F21-BD85-9E7CF8A16F12}.Release|x64.ActiveCfg = Release|x64
		{61FB710C-2E0A-4F21-BD85-9E7CF8A16F12}.Release|x64.Build.0 = Release|x64
		{61FB710C-2E0A-4F21-BD85-9E7CF8A16F12}.Release|x86.ActiveCfg = Release|Win32
		{61FB710C-2E0A-4F21-BD85-9E7CF8A16F12}.Release|x86.Build.0 = Release|Win32
		{DB30B1E6-4056-4B00-B679-A615362884FF}.Debug|x64.ActiveCfg = Debug|x64
		{DB30B1E6-4056-4B00-B679-A615362884FF}.Debug|x64.Build.0 = Debug|x64
		{DB30B1E6-4056-4B00-B679-A615362884FF}.Debug|x86.ActiveCfg = Debug|Win32
		{DB30B1E6-4056-4B00-B679-A615362884FF}.Debug|x86.Build.0 = Debug|Win32
		{DB30B1E6-4056-4B00-B679-A615362884FF}.Release|x64.ActiveCfg = Release|x64
		{DB30B1E6-4056-4B00-B679-A615362884FF}.Release|x64.Build.0 = Release|x64
		{DB30B1E6-4056-4B00-B679-A615362884FF}.Release|x86.ActiveCfg = Release|Win32
		{DB30B1E6-4056-4B00-B679-A615362884FF}.Release|x86.Build.0 = Release|Win32
		{85292B36-F86A-41F7-803B-A413690B8AB0}.Debug|x64.ActiveCfg = Debug|x64
		{85292B36-F86A-41F7-803B-A413690B8AB0}.Debug|x64.Build.0 = Debug|x64
		{85292B36-F86A-41F7-803B-A413690B8AB0}.Debug|x86.ActiveCfg = Debug|Win32
		{85292B36-F86A-41F7-803B-A413690B8AB0}.Debug|x86.Build.0 = Debug|Win32
		{85292B36-F86A-41F7-803B-A413690B8AB0}.Release|x64.ActiveCfg = Release|x64
		{85292B36-F86A-41F7-803B-A413690B8AB0}.Release|x64.Build.0 = Release|x64
		{85292B36-F86A-41F7-803B-A413690B8AB0}.Release|x86.ActiveCfg = Release|Win32
		{85292B36-F86A-41F7-803B-A413690B8AB0}.Release|x86.Build.0 = Release|Win32
		{DEC1E000-BFDA-4431-A90B-886942B57F0C}.Debug|x64.ActiveCfg = Debug|x64
		{DEC1E000-BFDA-4431-A90B-886942B57F0C}.Debug|x64.Build.0 = Debug|x64
		{DEC1E000-BFDA-4431-A90B-886942B57F0C}.Debug|x86.ActiveCfg = Debug|Win32
		{DEC1E000-BFDA-4431-A90B-886942B57F0C}.Debug|x86.Build.0 = Debug|Win32
		{DEC1E000-BFDA-4431-A90B-886942B57F0C}.Release|x64.ActiveCfg = Release|x64
		{DEC1E000-BFDA-4431-A90B-886942B57F0C}.Release|x64.Build.0 = Release|x64
		{DEC1E000-BFDA-4431-A90B-886942B57F0C}.Release|x86.ActiveCfg = Release|Win32
		{DEC1E000-BFDA-4431-A90B-886942B57F0C}.Release|x86.Build.0 = Release|Win32
	EndGlobalSection
	GlobalSection(SolutionProperties) = preSolution
		HideSolutionNode = FALSE
	EndGlobalSection
	GlobalSection(ExtensibilityGlobals) = postSolution
		SolutionGuid = {C0151483-F517-4044-85E2-E604C48924EB}
	EndGlobalSection
EndGlobal
