<?xml version="1.0" encoding="utf-8"?>
<Project ToolsVersion="4.0" xmlns="http://schemas.microsoft.com/developer/msbuild/2003">
  <ItemGroup>
    <Filter Include="源文件">
      <UniqueIdentifier>{4FC737F1-C7A5-4376-A066-2A32D752A2FF}</UniqueIdentifier>
      <Extensions>cpp;c;cc;cxx;c++;cppm;ixx;def;odl;idl;hpj;bat;asm;asmx</Extensions>
    </Filter>
    <Filter Include="头文件">
      <UniqueIdentifier>{93995380-89BD-4b04-88EB-625FBE52EBFB}</UniqueIdentifier>
      <Extensions>h;hh;hpp;hxx;h++;hm;inl;inc;ipp;xsd</Extensions>
    </Filter>
    <Filter Include="资源文件">
      <UniqueIdentifier>{67DA6AB6-F800-4c08-8B7A-83BB121AAD01}</UniqueIdentifier>
      <Extensions>rc;ico;cur;bmp;dlg;rc2;rct;bin;rgs;gif;jpg;jpeg;jpe;resx;tiff;tif;png;wav;mfcribbon-ms</Extensions>
    </Filter>
  </ItemGroup>
  <ItemGroup>
    <None Include="packages.config" />
  </ItemGroup>
  <ItemGroup>
    <ClInclude Include="window\GLFWWindow.h">
      <Filter>头文件</Filter>
    </ClInclude>
    <ClInclude Include="Config\GLFWWindowConfig.h">
      <Filter>头文件</Filter>
    </ClInclude>
    <ClInclude Include="core\Shader.h">
      <Filter>头文件</Filter>
    </ClInclude>
    <ClInclude Include="Config\AlgorithmConfig.h">
      <Filter>头文件</Filter>
    </ClInclude>
    <ClInclude Include="core\Render.h">
      <Filter>头文件</Filter>
    </ClInclude>
    <ClInclude Include="base\VertexBuffer.h">
      <Filter>头文件</Filter>
    </ClInclude>
    <ClInclude Include="primitive\Primitive.h">
      <Filter>头文件</Filter>
    </ClInclude>
    <ClInclude Include="core\RenderPass.h">
      <Filter>头文件</Filter>
    </ClInclude>
    <ClInclude Include="light\Light.h">
      <Filter>头文件</Filter>
    </ClInclude>
    <ClInclude Include="light\DirectionalLight.h">
      <Filter>头文件</Filter>
    </ClInclude>
    <ClInclude Include="core\Scene.h">
      <Filter>头文件</Filter>
    </ClInclude>
    <ClInclude Include="camera\Camera.h">
      <Filter>头文件</Filter>
    </ClInclude>
    <ClInclude Include="base\FrameBuffer.h">
      <Filter>头文件</Filter>
    </ClInclude>
    <ClInclude Include="base\Texture.h">
      <Filter>头文件</Filter>
    </ClInclude>
    <ClInclude Include="base\Texture2D.h">
      <Filter>头文件</Filter>
    </ClInclude>
    <ClInclude Include="utils\AssetsPath.h">
      <Filter>头文件</Filter>
    </ClInclude>
    <ClInclude Include="utils\InputHandler.h">
      <Filter>头文件</Filter>
    </ClInclude>
    <ClInclude Include="utils\safe.h">
      <Filter>头文件</Filter>
    </ClInclude>
    <ClInclude Include="base\RenderBuffer.h">
      <Filter>头文件</Filter>
    </ClInclude>
    <ClInclude Include="core\Node.h">
      <Filter>头文件</Filter>
    </ClInclude>
    <ClInclude Include="core\Model.h">
      <Filter>头文件</Filter>
    </ClInclude>
    <ClInclude Include="material\Material.h">
      <Filter>头文件</Filter>
    </ClInclude>
    <ClInclude Include="core\Transform.h">
      <Filter>头文件</Filter>
    </ClInclude>
    <ClInclude Include="material\SolidColorMaterial.h">
      <Filter>头文件</Filter>
    </ClInclude>
    <ClInclude Include="camera\PerspectiveCamera.h">
      <Filter>头文件</Filter>
    </ClInclude>
    <ClInclude Include="culling\Frustum.h">
      <Filter>头文件</Filter>
    </ClInclude>
    <ClInclude Include="light\PointLight.h">
      <Filter>头文件</Filter>
    </ClInclude>
    <ClInclude Include="camera\FPSController.h">
      <Filter>头文件</Filter>
    </ClInclude>
    <ClInclude Include="camera\PerspCamController.h">
      <Filter>头文件</Filter>
    </ClInclude>
    <ClInclude Include="modelLoader\modelLoader.h">
      <Filter>头文件</Filter>
    </ClInclude>
    <ClInclude Include="gizmos\AABBGizmo.h">
      <Filter>头文件</Filter>
    </ClInclude>
    <ClInclude Include="culling\AABB.h">
      <Filter>头文件</Filter>
    </ClInclude>
    <ClInclude Include="culling\BoundingVolume.h">
      <Filter>头文件</Filter>
    </ClInclude>
    <ClInclude Include="material\SimplePointCloudMaterial.h">
      <Filter>头文件</Filter>
    </ClInclude>
    <ClInclude Include="core\PointCloudRenderPass.h">
      <Filter>头文件</Filter>
    </ClInclude>
  </ItemGroup>
  <ItemGroup>
    <ClCompile Include="window\GLFWWindow.cpp">
      <Filter>源文件</Filter>
    </ClCompile>
    <ClCompile Include="Config\GLFWWindowConfig.cpp">
      <Filter>源文件</Filter>
    </ClCompile>
    <ClCompile Include="core\Shader.cpp">
      <Filter>源文件</Filter>
    </ClCompile>
    <ClCompile Include="Config\AlgorithmConfig.cpp">
      <Filter>源文件</Filter>
    </ClCompile>
    <ClCompile Include="core\Render.cpp">
      <Filter>源文件</Filter>
    </ClCompile>
    <ClCompile Include="base\VertexBuffer.cpp">
      <Filter>源文件</Filter>
    </ClCompile>
    <ClCompile Include="primitive\Primitive.cpp">
      <Filter>源文件</Filter>
    </ClCompile>
    <ClCompile Include="core\RenderPass.cpp">
      <Filter>源文件</Filter>
    </ClCompile>
    <ClCompile Include="light\DirectionalLight.cpp">
      <Filter>源文件</Filter>
    </ClCompile>
    <ClCompile Include="core\Scene.cpp">
      <Filter>源文件</Filter>
    </ClCompile>
    <ClCompile Include="camera\Camera.cpp">
      <Filter>源文件</Filter>
    </ClCompile>
    <ClCompile Include="base\FrameBuffer.cpp">
      <Filter>源文件</Filter>
    </ClCompile>
    <ClCompile Include="base\Texture2D.cpp">
      <Filter>源文件</Filter>
    </ClCompile>
    <ClCompile Include="utils\AssetsPath.cpp">
      <Filter>源文件</Filter>
    </ClCompile>
    <ClCompile Include="base\RenderBuffer.cpp">
      <Filter>源文件</Filter>
    </ClCompile>
    <ClCompile Include="core\Node.cpp">
      <Filter>源文件</Filter>
    </ClCompile>
    <ClCompile Include="core\Transform.cpp">
      <Filter>源文件</Filter>
    </ClCompile>
    <ClCompile Include="material\SolidColorMaterial.cpp">
      <Filter>源文件</Filter>
    </ClCompile>
    <ClCompile Include="camera\PerspectiveCamera.cpp">
      <Filter>源文件</Filter>
    </ClCompile>
    <ClCompile Include="light\PointLight.cpp">
      <Filter>源文件</Filter>
    </ClCompile>
    <ClCompile Include="camera\FPSController.cpp">
      <Filter>源文件</Filter>
    </ClCompile>
    <ClCompile Include="modelLoader\modelLoader.cpp">
      <Filter>源文件</Filter>
    </ClCompile>
    <ClCompile Include="gizmos\AABBGizmo.cpp">
      <Filter>源文件</Filter>
    </ClCompile>
    <ClCompile Include="material\SimplePointCloudMaterial.cpp">
      <Filter>源文件</Filter>
    </ClCompile>
    <ClCompile Include="core\PointCloudRenderPass.cpp">
      <Filter>源文件</Filter>
    </ClCompile>
  </ItemGroup>
</Project>